Microsoft Visual Studio Solution File, Format Version 12.00
# Visual Studio 2012
Project("{FAE04EC0-301F-11D3-BF4B-00C04F79EFBC}") = "myFirstGodotGame", "myFirstGodotGame.csproj", "{C3B7E3EC-26AB-4CFB-BD2B-0C2438079C25}"
EndProject
Global
	GlobalSection(SolutionConfigurationPlatforms) = preSolution
	Debug|Any CPU = Debug|Any CPU
	ExportDebug|Any CPU = ExportDebug|Any CPU
	ExportRelease|Any CPU = ExportRelease|Any CPU
	EndGlobalSection
	GlobalSection(ProjectConfigurationPlatforms) = postSolution
		{C3B7E3EC-26AB-4CFB-BD2B-0C2438079C25}.Debug|Any CPU.ActiveCfg = Debug|Any CPU
		{C3B7E3EC-26AB-4CFB-BD2B-0C2438079C25}.Debug|Any CPU.Build.0 = Debug|Any CPU
		{C3B7E3EC-26AB-4CFB-BD2B-0C2438079C25}.ExportDebug|Any CPU.ActiveCfg = ExportDebug|Any CPU
		{C3B7E3EC-26AB-4CFB-BD2B-0C2438079C25}.ExportDebug|Any CPU.Build.0 = ExportDebug|Any CPU
		{C3B7E3EC-26AB-4CFB-BD2B-0C2438079C25}.ExportRelease|Any CPU.ActiveCfg = ExportRelease|Any CPU
		{C3B7E3EC-26AB-4CFB-BD2B-0C2438079C25}.ExportRelease|Any CPU.Build.0 = ExportRelease|Any CPU
	EndGlobalSection
EndGlobal
